
Microsoft Visual Studio Solution File, Format Version 12.00
Project("{FAE04EC0-301F-11D3-BF4B-00C04F79EFBC}") = "TaxOffice", "TaxOffice.csproj", "{A97B0EFB-BB61-4EF5-ADFF-5D8B89D45DFE}"
EndProject
Global
	GlobalSection(SolutionConfigurationPlatforms) = preSolution
		Debug|Any CPU = Debug|Any CPU
		Release|Any CPU = Release|Any CPU
	EndGlobalSection
	GlobalSection(ProjectConfigurationPlatforms) = postSolution
		{A97B0EFB-BB61-4EF5-ADFF-5D8B89D45DFE}.Debug|Any CPU.ActiveCfg = Debug|Any CPU
		{A97B0EFB-BB61-4EF5-ADFF-5D8B89D45DFE}.Debug|Any CPU.Build.0 = Debug|Any CPU
		{A97B0EFB-BB61-4EF5-ADFF-5D8B89D45DFE}.Release|Any CPU.ActiveCfg = Release|Any CPU
		{A97B0EFB-BB61-4EF5-ADFF-5D8B89D45DFE}.Release|Any CPU.Build.0 = Release|Any CPU
	EndGlobalSection
EndGlobal
